<?xml version="1.0" encoding="utf-8"?>
<Project ToolsVersion="4.0" xmlns="http://schemas.microsoft.com/developer/msbuild/2003">
  <ItemGroup>
    <ClCompile Include="Compile\glad.c" />
    <ClCompile Include="Compile\stb_image.cpp" />
    <ClCompile Include="Engine\BaseShader.cpp" />
    <ClCompile Include="Engine\glError.cpp" />
    <ClCompile Include="Engine\ScreenSpaceShader.cpp" />
    <ClCompile Include="Engine\Shader.cpp" />
    <ClCompile Include="Engine\texture.cpp" />
    <ClCompile Include="Engine\utils.cpp" />
    <ClCompile Include="Engine\Window.cpp" />
    <ClCompile Include="imgui\imgui.cpp" />
    <ClCompile Include="imgui\imgui_demo.cpp" />
    <ClCompile Include="imgui\imgui_draw.cpp" />
    <ClCompile Include="imgui\imgui_impl_glfw.cpp" />
    <ClCompile Include="imgui\imgui_impl_opengl3.cpp" />
    <ClCompile Include="imgui\imgui_widgets.cpp" />
    <ClCompile Include="Main.cpp" />
    <ClCompile Include="objects\renderObjectInterface.cpp" />
    <ClCompile Include="objects\ProceduralLand.cpp" />
    <ClCompile Include="objects\Skybox.cpp" />
    <ClCompile Include="objects\UserInterface.cpp" />
  </ItemGroup>
  <ItemGroup>
    <ClInclude Include="Engine\BaseShader.h" />
    <ClInclude Include="Engine\glError.h" />
    <ClInclude Include="Engine\ScreenSpaceShader.h" />
    <ClInclude Include="Engine\Shader.h" />
    <ClInclude Include="Engine\texture.h" />
    <ClInclude Include="Engine\utils.h" />
    <ClInclude Include="Engine\Window.h" />
    <ClInclude Include="imgui\imconfig.h" />
    <ClInclude Include="imgui\imgui.h" />
    <ClInclude Include="imgui\imgui_impl_glfw.h" />
    <ClInclude Include="imgui\imgui_impl_opengl3.h" />
    <ClInclude Include="imgui\imgui_internal.h" />
    <ClInclude Include="imgui\imstb_rectpack.h" />
    <ClInclude Include="imgui\imstb_textedit.h" />
    <ClInclude Include="imgui\imstb_truetype.h" />
    <ClInclude Include="Include\camera.h" />
    <ClInclude Include="objects\renderObjectInterface.h" />
    <ClInclude Include="objects\globalAttribute.h" />
    <ClInclude Include="objects\ProceduralLand.h" />
    <ClInclude Include="objects\Skybox.h" />
    <ClInclude Include="objects\UserInterface.h" />
  </ItemGroup>
  <ItemGroup>
    <None Include="shaders\skyboxFrag.frag" />
    <None Include="shaders\visualizeFbo.frag" />
    <None Include="shaders\screen.frag" />
    <None Include="shaders\screen.vert" />
    <None Include="shaders\skyboxVert.vert" />
    <None Include="shaders\procedural.tcs" />
    <None Include="shaders\procedural.tes" />
    <None Include="shaders\procedural.frag" />
    <None Include="shaders\procedural.vert" />
  </ItemGroup>
</Project>